
Microsoft Visual Studio Solution File, Format Version 11.00
# Visual Studio 2010
# SharpDevelop 5.1
Project("{FAE04EC0-301F-11D3-BF4B-00C04F79EFBC}") = "AdbRebooter", "AdbRebooter\AdbRebooter.csproj", "{4AA81F5D-BA90-40E7-B438-F7CD2B6B9A04}"
EndProject
Project("{FAE04EC0-301F-11D3-BF4B-00C04F79EFBC}") = "BasicDeviceInfo", "BasicDeviceInfo\BasicDeviceInfo.csproj", "{6D09B715-EDB8-44D2-8160-6E38593965BA}"
EndProject
Project("{FAE04EC0-301F-11D3-BF4B-00C04F79EFBC}") = "DeviceChecker", "DeviceChecker\DeviceChecker.csproj", "{29E40633-46F9-464C-98C9-9798316A9437}"
EndProject
Project("{FAE04EC0-301F-11D3-BF4B-00C04F79EFBC}") = "BuildPropEditor", "BuildPropEditor\BuildPropEditor.csproj", "{3D6EC506-2195-4CAC-9E8F-1BE576CDBBCB}"
EndProject
Global
	GlobalSection(SolutionConfigurationPlatforms) = preSolution
		Debug|Any CPU = Debug|Any CPU
		Release|Any CPU = Release|Any CPU
	EndGlobalSection
	GlobalSection(ProjectConfigurationPlatforms) = postSolution
		{4AA81F5D-BA90-40E7-B438-F7CD2B6B9A04}.Debug|Any CPU.ActiveCfg = Debug|Any CPU
		{4AA81F5D-BA90-40E7-B438-F7CD2B6B9A04}.Debug|Any CPU.Build.0 = Debug|Any CPU
		{4AA81F5D-BA90-40E7-B438-F7CD2B6B9A04}.Release|Any CPU.ActiveCfg = Release|Any CPU
		{4AA81F5D-BA90-40E7-B438-F7CD2B6B9A04}.Release|Any CPU.Build.0 = Release|Any CPU
		{6D09B715-EDB8-44D2-8160-6E38593965BA}.Debug|Any CPU.ActiveCfg = Debug|Any CPU
		{6D09B715-EDB8-44D2-8160-6E38593965BA}.Debug|Any CPU.Build.0 = Debug|Any CPU
		{6D09B715-EDB8-44D2-8160-6E38593965BA}.Release|Any CPU.ActiveCfg = Release|Any CPU
		{6D09B715-EDB8-44D2-8160-6E38593965BA}.Release|Any CPU.Build.0 = Release|Any CPU
		{29E40633-46F9-464C-98C9-9798316A9437}.Debug|Any CPU.ActiveCfg = Debug|Any CPU
		{29E40633-46F9-464C-98C9-9798316A9437}.Debug|Any CPU.Build.0 = Debug|Any CPU
		{29E40633-46F9-464C-98C9-9798316A9437}.Release|Any CPU.ActiveCfg = Release|Any CPU
		{29E40633-46F9-464C-98C9-9798316A9437}.Release|Any CPU.Build.0 = Release|Any CPU
		{3D6EC506-2195-4CAC-9E8F-1BE576CDBBCB}.Debug|Any CPU.ActiveCfg = Debug|Any CPU
		{3D6EC506-2195-4CAC-9E8F-1BE576CDBBCB}.Debug|Any CPU.Build.0 = Debug|Any CPU
		{3D6EC506-2195-4CAC-9E8F-1BE576CDBBCB}.Release|Any CPU.ActiveCfg = Release|Any CPU
		{3D6EC506-2195-4CAC-9E8F-1BE576CDBBCB}.Release|Any CPU.Build.0 = Release|Any CPU
	EndGlobalSection
EndGlobal
