
Microsoft Visual Studio Solution File, Format Version 11.00
# Visual Studio 2010
# SharpDevelop 5.1
Project("{FAE04EC0-301F-11D3-BF4B-00C04F79EFBC}") = "AdbRebooter", "AdbRebooter\AdbRebooter.csproj", "{4AA81F5D-BA90-40E7-B438-F7CD2B6B9A04}"
EndProject
Project("{FAE04EC0-301F-11D3-BF4B-00C04F79EFBC}") = "BasicDeviceInfo", "BasicDeviceInfo\BasicDeviceInfo.csproj", "{6D09B715-EDB8-44D2-8160-6E38593965BA}"
EndProject
Project("{FAE04EC0-301F-11D3-BF4B-00C04F79EFBC}") = "DeviceChecker", "DeviceChecker\DeviceChecker.csproj", "{29E40633-46F9-464C-98C9-9798316A9437}"
EndProject
Project("{FAE04EC0-301F-11D3-BF4B-00C04F79EFBC}") = "BuildPropEditor", "BuildPropEditor\BuildPropEditor.csproj", "{3D6EC506-2195-4CAC-9E8F-1BE576CDBBCB}"
EndProject
Project("{FAE04EC0-301F-11D3-BF4B-00C04F79EFBC}") = "FastbootChecker", "FastbootChecker\FastbootChecker.csproj", "{FFF7E755-03BD-4B2B-BECE-41F9FC6BD044}"
EndProject
Project("{FAE04EC0-301F-11D3-BF4B-00C04F79EFBC}") = "RootChecker", "RootChecker\RootChecker.csproj", "{D5DD3E60-07E2-43AF-8799-3746E952E731}"
EndProject
Project("{FAE04EC0-301F-11D3-BF4B-00C04F79EFBC}") = "UsageOfAndroidLib", "UsageOfAndroidLib\UsageOfAndroidLib.csproj", "{3E2330A6-3F66-431B-B2D2-96D86D115844}"
EndProject
Project("{FAE04EC0-301F-11D3-BF4B-00C04F79EFBC}") = "AutoCheckDevice", "AutoCheckDevice\AutoCheckDevice.csproj", "{042C574B-339C-4E0C-9018-090EB8FA49F9}"
EndProject
Global
	GlobalSection(SolutionConfigurationPlatforms) = preSolution
		Debug|Any CPU = Debug|Any CPU
		Release|Any CPU = Release|Any CPU
	EndGlobalSection
	GlobalSection(ProjectConfigurationPlatforms) = postSolution
		{4AA81F5D-BA90-40E7-B438-F7CD2B6B9A04}.Debug|Any CPU.ActiveCfg = Debug|Any CPU
		{4AA81F5D-BA90-40E7-B438-F7CD2B6B9A04}.Debug|Any CPU.Build.0 = Debug|Any CPU
		{4AA81F5D-BA90-40E7-B438-F7CD2B6B9A04}.Release|Any CPU.ActiveCfg = Release|Any CPU
		{4AA81F5D-BA90-40E7-B438-F7CD2B6B9A04}.Release|Any CPU.Build.0 = Release|Any CPU
		{6D09B715-EDB8-44D2-8160-6E38593965BA}.Debug|Any CPU.ActiveCfg = Debug|Any CPU
		{6D09B715-EDB8-44D2-8160-6E38593965BA}.Debug|Any CPU.Build.0 = Debug|Any CPU
		{6D09B715-EDB8-44D2-8160-6E38593965BA}.Release|Any CPU.ActiveCfg = Release|Any CPU
		{6D09B715-EDB8-44D2-8160-6E38593965BA}.Release|Any CPU.Build.0 = Release|Any CPU
		{29E40633-46F9-464C-98C9-9798316A9437}.Debug|Any CPU.ActiveCfg = Debug|Any CPU
		{29E40633-46F9-464C-98C9-9798316A9437}.Debug|Any CPU.Build.0 = Debug|Any CPU
		{29E40633-46F9-464C-98C9-9798316A9437}.Release|Any CPU.ActiveCfg = Release|Any CPU
		{29E40633-46F9-464C-98C9-9798316A9437}.Release|Any CPU.Build.0 = Release|Any CPU
		{3D6EC506-2195-4CAC-9E8F-1BE576CDBBCB}.Debug|Any CPU.ActiveCfg = Debug|Any CPU
		{3D6EC506-2195-4CAC-9E8F-1BE576CDBBCB}.Debug|Any CPU.Build.0 = Debug|Any CPU
		{3D6EC506-2195-4CAC-9E8F-1BE576CDBBCB}.Release|Any CPU.ActiveCfg = Release|Any CPU
		{3D6EC506-2195-4CAC-9E8F-1BE576CDBBCB}.Release|Any CPU.Build.0 = Release|Any CPU
		{FFF7E755-03BD-4B2B-BECE-41F9FC6BD044}.Debug|Any CPU.ActiveCfg = Debug|Any CPU
		{FFF7E755-03BD-4B2B-BECE-41F9FC6BD044}.Debug|Any CPU.Build.0 = Debug|Any CPU
		{FFF7E755-03BD-4B2B-BECE-41F9FC6BD044}.Release|Any CPU.ActiveCfg = Release|Any CPU
		{FFF7E755-03BD-4B2B-BECE-41F9FC6BD044}.Release|Any CPU.Build.0 = Release|Any CPU
		{D5DD3E60-07E2-43AF-8799-3746E952E731}.Debug|Any CPU.ActiveCfg = Debug|Any CPU
		{D5DD3E60-07E2-43AF-8799-3746E952E731}.Debug|Any CPU.Build.0 = Debug|Any CPU
		{D5DD3E60-07E2-43AF-8799-3746E952E731}.Release|Any CPU.ActiveCfg = Release|Any CPU
		{D5DD3E60-07E2-43AF-8799-3746E952E731}.Release|Any CPU.Build.0 = Release|Any CPU
		{3E2330A6-3F66-431B-B2D2-96D86D115844}.Debug|Any CPU.ActiveCfg = Debug|Any CPU
		{3E2330A6-3F66-431B-B2D2-96D86D115844}.Debug|Any CPU.Build.0 = Debug|Any CPU
		{3E2330A6-3F66-431B-B2D2-96D86D115844}.Release|Any CPU.ActiveCfg = Release|Any CPU
		{3E2330A6-3F66-431B-B2D2-96D86D115844}.Release|Any CPU.Build.0 = Release|Any CPU
		{042C574B-339C-4E0C-9018-090EB8FA49F9}.Debug|Any CPU.ActiveCfg = Debug|Any CPU
		{042C574B-339C-4E0C-9018-090EB8FA49F9}.Debug|Any CPU.Build.0 = Debug|Any CPU
		{042C574B-339C-4E0C-9018-090EB8FA49F9}.Release|Any CPU.ActiveCfg = Release|Any CPU
		{042C574B-339C-4E0C-9018-090EB8FA49F9}.Release|Any CPU.Build.0 = Release|Any CPU
	EndGlobalSection
EndGlobal
